# This file is automatically @generated by Cargo.
# It is not intended for manual editing.
version = 4

[[package]]
name = "abi_transport"
version = "0.1.0"
dependencies = [
 "native_platform",
]

[[package]]
name = "bytemuck"
version = "1.25.0"
source = "registry+https://github.com/rust-lang/crates.io-index"
checksum = "c8efb64bd706a16a1bdde310ae86b351e4d21550d98d056f22f8a7f7a2183fec"

[[package]]
name = "cc"
version = "1.2.65"
source = "registry+https://github.com/rust-lang/crates.io-index"
checksum = "e228eec9be7c17ccb640b59b36a5cd805ea2a564a4c5e162c2f659fea30d3b96"
dependencies = [
 "find-msvc-tools",
 "shlex",
]

[[package]]
name = "cfg-if"
version = "1.0.4"
source = "registry+https://github.com/rust-lang/crates.io-index"
checksum = "9330f8b2ff13f34540b44e946ef35111825727b38d33286ef986142615121801"

[[package]]
name = "cgame"
version = "0.1.0"
dependencies = [
 "abi_transport",
]

[[package]]
name = "find-msvc-tools"
version = "0.1.9"
source = "registry+https://github.com/rust-lang/crates.io-index"
checksum = "5baebc0774151f905a1a2cc41989300b1e6fbb29aff0ceffa1064fdd3088d582"

[[package]]
name = "jagame"
version = "0.1.0"
dependencies = [
 "abi_transport",
 "sp_abi",
 "sp_game",
 "sp_qshared",
]

[[package]]
name = "jampgame"
version = "0.1.0"
dependencies = [
 "abi_transport",
 "mp_abi",
 "mp_engine_qcommon",
 "mp_game",
 "mp_qshared",
 "native_platform",
]

[[package]]
name = "libloading"
version = "0.8.9"
source = "registry+https://github.com/rust-lang/crates.io-index"
checksum = "d7c4b02199fee7c5d21a5ae7d8cfa79a6ef5bb2fc834d6e9058e89c825efdc55"
dependencies = [
 "cfg-if",
 "windows-link",
]

[[package]]
name = "mp_abi"
version = "0.1.0"
dependencies = [
 "abi_transport",
 "mp_qshared",
]

[[package]]
name = "mp_app"
version = "0.1.0"
dependencies = [
 "mp_abi",
 "mp_engine_client",
 "mp_engine_core",
 "mp_engine_qcommon",
 "mp_engine_server",
 "mp_renderer",
 "native_platform",
]

[[package]]
name = "mp_bg"
version = "0.1.0"
dependencies = [
 "mp_qshared",
 "native_platform",
]

[[package]]
name = "mp_cgame"
version = "0.1.0"
dependencies = [
 "mp_abi",
 "mp_bg",
 "mp_qshared",
 "mp_uishared",
]

[[package]]
name = "mp_engine_botlib"
version = "0.1.0"
dependencies = [
 "mp_qshared",
]

[[package]]
name = "mp_engine_client"
version = "0.1.0"
dependencies = [
 "mp_abi",
 "mp_engine_qcommon",
 "mp_qshared",
]

[[package]]
name = "mp_engine_core"
version = "0.1.0"
dependencies = [
 "mp_engine_client",
 "mp_engine_qcommon",
 "mp_engine_server",
 "mp_qshared",
 "native_platform",
]

[[package]]
name = "mp_engine_ghoul2"
version = "0.1.0"
dependencies = [
 "mp_qshared",
]

[[package]]
name = "mp_engine_icarus"
version = "0.1.0"
dependencies = [
 "mp_qshared",
]

[[package]]
name = "mp_engine_qcommon"
version = "0.1.0"
dependencies = [
 "abi_transport",
 "cc",
 "mp_qshared",
 "native_platform",
]

[[package]]
name = "mp_engine_rmg"
version = "0.1.0"
dependencies = [
 "mp_qshared",
]

[[package]]
name = "mp_engine_select"
version = "0.1.0"
dependencies = [
 "abi_transport",
]

[[package]]
name = "mp_engine_server"
version = "0.1.0"
dependencies = [
 "mp_abi",
 "mp_engine_qcommon",
 "mp_qshared",
]

[[package]]
name = "mp_engine_wasm_host"
version = "0.1.0"
dependencies = [
 "bytemuck",
]

[[package]]
name = "mp_game"
version = "0.1.0"
dependencies = [
 "mp_abi",
 "mp_bg",
 "mp_engine_qcommon",
 "mp_engine_select",
 "mp_qshared",
 "native_platform",
]

[[package]]
name = "mp_host_interface"
version = "0.1.0"
dependencies = [
 "mp_qshared",
]

[[package]]
name = "mp_qshared"
version = "0.1.0"
dependencies = [
 "native_math",
 "native_platform",
 "native_types",
]

[[package]]
name = "mp_renderer"
version = "0.1.0"
dependencies = [
 "mp_engine_qcommon",
 "mp_qshared",
 "native_platform",
]

[[package]]
name = "mp_ui"
version = "0.1.0"
dependencies = [
 "mp_abi",
 "mp_bg",
 "mp_qshared",
 "mp_uishared",
]

[[package]]
name = "mp_uishared"
version = "0.1.0"
dependencies = [
 "mp_bg",
 "mp_qshared",
]

[[package]]
name = "native_containers"
version = "0.1.0"

[[package]]
name = "native_math"
version = "0.1.0"

[[package]]
name = "native_platform"
version = "0.1.0"
dependencies = [
 "libloading",
]

[[package]]
name = "native_types"
version = "0.1.0"

[[package]]
name = "shlex"
version = "2.0.1"
source = "registry+https://github.com/rust-lang/crates.io-index"
checksum = "f8fadd59c855ef2080decdef8ff161eb6661b86933c9d82e5ba29dc602a55aba"

[[package]]
name = "sp_abi"
version = "0.1.0"
dependencies = [
 "abi_transport",
 "sp_qshared",
]

[[package]]
name = "sp_app"
version = "0.1.0"
dependencies = [
 "sp_abi",
 "sp_engine_client",
 "sp_engine_qcommon",
 "sp_engine_server",
 "sp_renderer",
]

[[package]]
name = "sp_bg"
version = "0.1.0"
dependencies = [
 "sp_qshared",
]

[[package]]
name = "sp_cgame"
version = "0.1.0"
dependencies = [
 "sp_abi",
 "sp_bg",
 "sp_qshared",
 "sp_uishared",
]

[[package]]
name = "sp_engine_client"
version = "0.1.0"
dependencies = [
 "sp_abi",
 "sp_engine_qcommon",
 "sp_qshared",
]

[[package]]
name = "sp_engine_ghoul2"
version = "0.1.0"
dependencies = [
 "sp_qshared",
]

[[package]]
name = "sp_engine_icarus"
version = "0.1.0"
dependencies = [
 "sp_qshared",
]

[[package]]
name = "sp_engine_qcommon"
version = "0.1.0"
dependencies = [
 "abi_transport",
 "native_platform",
 "sp_qshared",
]

[[package]]
name = "sp_engine_rmg"
version = "0.1.0"
dependencies = [
 "sp_qshared",
]

[[package]]
name = "sp_engine_server"
version = "0.1.0"
dependencies = [
 "sp_abi",
 "sp_engine_qcommon",
 "sp_qshared",
]

[[package]]
name = "sp_game"
version = "0.1.0"
dependencies = [
 "native_platform",
 "sp_abi",
 "sp_bg",
 "sp_qshared",
]

[[package]]
name = "sp_qshared"
version = "0.1.0"
dependencies = [
 "native_math",
 "native_platform",
 "native_types",
]

[[package]]
name = "sp_renderer"
version = "0.1.0"
dependencies = [
 "native_platform",
 "sp_engine_qcommon",
 "sp_qshared",
]

[[package]]
name = "sp_ui"
version = "0.1.0"
dependencies = [
 "sp_abi",
 "sp_bg",
 "sp_qshared",
 "sp_uishared",
]

[[package]]
name = "sp_uishared"
version = "0.1.0"
dependencies = [
 "sp_bg",
 "sp_qshared",
]

[[package]]
name = "ui"
version = "0.1.0"
dependencies = [
 "abi_transport",
]

[[package]]
name = "windows-link"
version = "0.2.1"
source = "registry+https://github.com/rust-lang/crates.io-index"
checksum = "f0805222e57f7521d6a62e36fa9163bc891acd422f971defe97d64e70d0a4fe5"
